{
  "name": "fitzone-fitness-center",
  "lockfileVersion": 3,
  "requires": true,
  "packages": {
    "": {
      "name": "fitzone-fitness-center",
      "dependencies": {
        "vercel-php": "0.9.0"
      }
    },
    "node_modules/@libphp/almalinux-9-v85": {
      "version": "0.0.3",
      "resolved": "https://registry.npmjs.org/@libphp/almalinux-9-v85/-/almalinux-9-v85-0.0.3.tgz",
      "integrity": "sha512-rnzptMh+2Fvi0ebP9PNi8aq+msoEWoG0zo4BidfjlPRkKKW0ltXaj36DMGrKvniJgtcqV6Azazj7JOMDAmePbQ==",
      "license": "MIT"
    },
    "node_modules/vercel-php": {
      "version": "0.9.0",
      "resolved": "https://registry.npmjs.org/vercel-php/-/vercel-php-0.9.0.tgz",
      "integrity": "sha512-E7Bp/5gQbXdLNoL3aasHdzy2vpu2Bq08QYLhkbTGgvgGGk6BxZRWT3Aw3KBvcCYmcNcY/PTm+gz3BHNyRM4NPg==",
      "license": "MIT",
      "dependencies": {
        "@libphp/almalinux-9-v85": ">=0.0.2"
      }
    }
  }
}
